// !$*UTF8*$!
{
	archiveVersion = 1;
	classes = {
	};
	objectVersion = 55;
	objects = {

/* Begin PBXBuildFile section */
		4824233927DD60B800CF4B26 /* DataController.swift in Sources */ = {isa = PBXBuildFile; fileRef = 4824233827DD60B800CF4B26 /* DataController.swift */; };
		48532AA627DD226B002F4360 /* AppDelegate.swift in Sources */ = {isa = PBXBuildFile; fileRef = 48532AA527DD226B002F4360 /* AppDelegate.swift */; };
		48532AA827DD226B002F4360 /* SceneDelegate.swift in Sources */ = {isa = PBXBuildFile; fileRef = 48532AA727DD226B002F4360 /* SceneDelegate.swift */; };
		48532AAD27DD226B002F4360 /* Main.storyboard in Resources */ = {isa = PBXBuildFile; fileRef = 48532AAB27DD226B002F4360 /* Main.storyboard */; };
		48532AB027DD226B002F4360 /* VirtualTourist.xcdatamodeld in Sources */ = {isa = PBXBuildFile; fileRef = 48532AAE27DD226B002F4360 /* VirtualTourist.xcdatamodeld */; };
		48532AB227DD226C002F4360 /* Assets.xcassets in Resources */ = {isa = PBXBuildFile; fileRef = 48532AB127DD226C002F4360 /* Assets.xcassets */; };
		48532AB527DD226C002F4360 /* LaunchScreen.storyboard in Resources */ = {isa = PBXBuildFile; fileRef = 48532AB327DD226C002F4360 /* LaunchScreen.storyboard */; };
		487E69AB27DE3B4600E2E97F /* PhotoAlbumViewController.swift in Sources */ = {isa = PBXBuildFile; fileRef = 487E69AA27DE3B4600E2E97F /* PhotoAlbumViewController.swift */; };
		487E69B127DE562900E2E97F /* CellPicture.swift in Sources */ = {isa = PBXBuildFile; fileRef = 487E69B027DE562900E2E97F /* CellPicture.swift */; };
		487E69B327DE793A00E2E97F /* PhotoModel.swift in Sources */ = {isa = PBXBuildFile; fileRef = 487E69B227DE793A00E2E97F /* PhotoModel.swift */; };
		48E0EA0527DD256800E5364E /* TravelLocationsMapViewController.swift in Sources */ = {isa = PBXBuildFile; fileRef = 48E0EA0427DD256800E5364E /* TravelLocationsMapViewController.swift */; };
		48E0EA0727DD338C00E5364E /* MethodAPI.swift in Sources */ = {isa = PBXBuildFile; fileRef = 48E0EA0627DD338C00E5364E /* MethodAPI.swift */; };
		48E0EA0B27DD35C100E5364E /* FlickrClient.swift in Sources */ = {isa = PBXBuildFile; fileRef = 48E0EA0A27DD35C100E5364E /* FlickrClient.swift */; };
		48E0EA0D27DD35D100E5364E /* FlickrResponse.swift in Sources */ = {isa = PBXBuildFile; fileRef = 48E0EA0C27DD35D100E5364E /* FlickrResponse.swift */; };
/* End PBXBuildFile section */

/* Begin PBXFileReference section */
		4824233827DD60B800CF4B26 /* DataController.swift */ = {isa = PBXFileReference; lastKnownFileType = sourcecode.swift; path = DataController.swift; sourceTree = "<group>"; };
		48532AA227DD226B002F4360 /* VirtualTourist.app */ = {isa = PBXFileReference; explicitFileType = wrapper.application; includeInIndex = 0; path = VirtualTourist.app; sourceTree = BUILT_PRODUCTS_DIR; };
		48532AA527DD226B002F4360 /* AppDelegate.swift */ = {isa = PBXFileReference; lastKnownFileType = sourcecode.swift; path = AppDelegate.swift; sourceTree = "<group>"; };
		48532AA727DD226B002F4360 /* SceneDelegate.swift */ = {isa = PBXFileReference; lastKnownFileType = sourcecode.swift; path = SceneDelegate.swift; sourceTree = "<group>"; };
		48532AAC27DD226B002F4360 /* Base */ = {isa = PBXFileReference; lastKnownFileType = file.storyboard; name = Base; path = Base.lproj/Main.storyboard; sourceTree = "<group>"; };
		48532AAF27DD226B002F4360 /* VirtualTourist.xcdatamodel */ = {isa = PBXFileReference; lastKnownFileType = wrapper.xcdatamodel; path = VirtualTourist.xcdatamodel; sourceTree = "<group>"; };
		48532AB127DD226C002F4360 /* Assets.xcassets */ = {isa = PBXFileReference; lastKnownFileType = folder.assetcatalog; path = Assets.xcassets; sourceTree = "<group>"; };
		48532AB427DD226C002F4360 /* Base */ = {isa = PBXFileReference; lastKnownFileType = file.storyboard; name = Base; path = Base.lproj/LaunchScreen.storyboard; sourceTree = "<group>"; };
		48532AB627DD226C002F4360 /* Info.plist */ = {isa = PBXFileReference; lastKnownFileType = text.plist.xml; path = Info.plist; sourceTree = "<group>"; };
		487E69AA27DE3B4600E2E97F /* PhotoAlbumViewController.swift */ = {isa = PBXFileReference; lastKnownFileType = sourcecode.swift; path = PhotoAlbumViewController.swift; sourceTree = "<group>"; };
		487E69B027DE562900E2E97F /* CellPicture.swift */ = {isa = PBXFileReference; lastKnownFileType = sourcecode.swift; path = CellPicture.swift; sourceTree = "<group>"; };
		487E69B227DE793A00E2E97F /* PhotoModel.swift */ = {isa = PBXFileReference; lastKnownFileType = sourcecode.swift; path = PhotoModel.swift; sourceTree = "<group>"; };
		48E0EA0427DD256800E5364E /* TravelLocationsMapViewController.swift */ = {isa = PBXFileReference; lastKnownFileType = sourcecode.swift; path = TravelLocationsMapViewController.swift; sourceTree = "<group>"; };
		48E0EA0627DD338C00E5364E /* MethodAPI.swift */ = {isa = PBXFileReference; lastKnownFileType = sourcecode.swift; path = MethodAPI.swift; sourceTree = "<group>"; };
		48E0EA0A27DD35C100E5364E /* FlickrClient.swift */ = {isa = PBXFileReference; lastKnownFileType = sourcecode.swift; path = FlickrClient.swift; sourceTree = "<group>"; };
		48E0EA0C27DD35D100E5364E /* FlickrResponse.swift */ = {isa = PBXFileReference; lastKnownFileType = sourcecode.swift; path = FlickrResponse.swift; sourceTree = "<group>"; };
/* End PBXFileReference section */

/* Begin PBXFrameworksBuildPhase section */
		48532A9F27DD226B002F4360 /* Frameworks */ = {
			isa = PBXFrameworksBuildPhase;
			buildActionMask = 2147483647;
			files = (
			);
			runOnlyForDeploymentPostprocessing = 0;
		};
/* End PBXFrameworksBuildPhase section */

/* Begin PBXGroup section */
		4824233727DD60A900CF4B26 /* data */ = {
			isa = PBXGroup;
			children = (
				4824233827DD60B800CF4B26 /* DataController.swift */,
				487E69B227DE793A00E2E97F /* PhotoModel.swift */,
			);
			path = data;
			sourceTree = "<group>";
		};
		48532A9927DD226A002F4360 = {
			isa = PBXGroup;
			children = (
				48532AA427DD226B002F4360 /* VirtualTourist */,
				48532AA327DD226B002F4360 /* Products */,
			);
			sourceTree = "<group>";
		};
		48532AA327DD226B002F4360 /* Products */ = {
			isa = PBXGroup;
			children = (
				48532AA227DD226B002F4360 /* VirtualTourist.app */,
			);
			name = Products;
			sourceTree = "<group>";
		};
		48532AA427DD226B002F4360 /* VirtualTourist */ = {
			isa = PBXGroup;
			children = (
				48532AA527DD226B002F4360 /* AppDelegate.swift */,
				48532AA727DD226B002F4360 /* SceneDelegate.swift */,
				48E0E9FF27DD22A000E5364E /* Model */,
				48E0EA0027DD22AD00E5364E /* View Controller */,
				487E69AF27DE561100E2E97F /* View */,
				48E0EA0227DD22C000E5364E /* Assets */,
				48E0EA0327DD22C900E5364E /* Storyboards */,
				48532AB627DD226C002F4360 /* Info.plist */,
			);
			path = VirtualTourist;
			sourceTree = "<group>";
		};
		487E69AF27DE561100E2E97F /* View */ = {
			isa = PBXGroup;
			children = (
				487E69B027DE562900E2E97F /* CellPicture.swift */,
			);
			path = View;
			sourceTree = "<group>";
		};
		48E0E9FF27DD22A000E5364E /* Model */ = {
			isa = PBXGroup;
			children = (
				48532AAE27DD226B002F4360 /* VirtualTourist.xcdatamodeld */,
				4824233727DD60A900CF4B26 /* data */,
				48E0EA0927DD358700E5364E /* client */,
				48E0EA0827DD355F00E5364E /* response */,
			);
			path = Model;
			sourceTree = "<group>";
		};
		48E0EA0027DD22AD00E5364E /* View Controller */ = {
			isa = PBXGroup;
			children = (
				48E0EA0427DD256800E5364E /* TravelLocationsMapViewController.swift */,
				487E69AA27DE3B4600E2E97F /* PhotoAlbumViewController.swift */,
			);
			path = "View Controller";
			sourceTree = "<group>";
		};
		48E0EA0227DD22C000E5364E /* Assets */ = {
			isa = PBXGroup;
			children = (
				48532AB127DD226C002F4360 /* Assets.xcassets */,
			);
			path = Assets;
			sourceTree = "<group>";
		};
		48E0EA0327DD22C900E5364E /* Storyboards */ = {
			isa = PBXGroup;
			children = (
				48532AAB27DD226B002F4360 /* Main.storyboard */,
				48532AB327DD226C002F4360 /* LaunchScreen.storyboard */,
			);
			path = Storyboards;
			sourceTree = "<group>";
		};
		48E0EA0827DD355F00E5364E /* response */ = {
			isa = PBXGroup;
			children = (
				48E0EA0C27DD35D100E5364E /* FlickrResponse.swift */,
			);
			path = response;
			sourceTree = "<group>";
		};
		48E0EA0927DD358700E5364E /* client */ = {
			isa = PBXGroup;
			children = (
				48E0EA0627DD338C00E5364E /* MethodAPI.swift */,
				48E0EA0A27DD35C100E5364E /* FlickrClient.swift */,
			);
			path = client;
			sourceTree = "<group>";
		};
/* End PBXGroup section */

/* Begin PBXNativeTarget section */
		48532AA127DD226B002F4360 /* VirtualTourist */ = {
			isa = PBXNativeTarget;
			buildConfigurationList = 48532AB927DD226C002F4360 /* Build configuration list for PBXNativeTarget "VirtualTourist" */;
			buildPhases = (
				48532A9E27DD226B002F4360 /* Sources */,
				48532A9F27DD226B002F4360 /* Frameworks */,
				48532AA027DD226B002F4360 /* Resources */,
			);
			buildRules = (
			);
			dependencies = (
			);
			name = VirtualTourist;
			productName = VirtualTourist;
			productReference = 48532AA227DD226B002F4360 /* VirtualTourist.app */;
			productType = "com.apple.product-type.application";
		};
/* End PBXNativeTarget section */

/* Begin PBXProject section */
		48532A9A27DD226A002F4360 /* Project object */ = {
			isa = PBXProject;
			attributes = {
				BuildIndependentTargetsInParallel = 1;
				LastSwiftUpdateCheck = 1320;
				LastUpgradeCheck = 1320;
				TargetAttributes = {
					48532AA127DD226B002F4360 = {
						CreatedOnToolsVersion = 13.2.1;
					};
				};
			};
			buildConfigurationList = 48532A9D27DD226A002F4360 /* Build configuration list for PBXProject "VirtualTourist" */;
			compatibilityVersion = "Xcode 13.0";
			developmentRegion = en;
			hasScannedForEncodings = 0;
			knownRegions = (
				en,
				Base,
			);
			mainGroup = 48532A9927DD226A002F4360;
			productRefGroup = 48532AA327DD226B002F4360 /* Products */;
			projectDirPath = "";
			projectRoot = "";
			targets = (
				48532AA127DD226B002F4360 /* VirtualTourist */,
			);
		};
/* End PBXProject section */

/* Begin PBXResourcesBuildPhase section */
		48532AA027DD226B002F4360 /* Resources */ = {
			isa = PBXResourcesBuildPhase;
			buildActionMask = 2147483647;
			files = (
				48532AB527DD226C002F4360 /* LaunchScreen.storyboard in Resources */,
				48532AB227DD226C002F4360 /* Assets.xcassets in Resources */,
				48532AAD27DD226B002F4360 /* Main.storyboard in Resources */,
			);
			runOnlyForDeploymentPostprocessing = 0;
		};
/* End PBXResourcesBuildPhase section */

/* Begin PBXSourcesBuildPhase section */
		48532A9E27DD226B002F4360 /* Sources */ = {
			isa = PBXSourcesBuildPhase;
			buildActionMask = 2147483647;
			files = (
				48E0EA0527DD256800E5364E /* TravelLocationsMapViewController.swift in Sources */,
				48E0EA0727DD338C00E5364E /* MethodAPI.swift in Sources */,
				487E69AB27DE3B4600E2E97F /* PhotoAlbumViewController.swift in Sources */,
				48532AB027DD226B002F4360 /* VirtualTourist.xcdatamodeld in Sources */,
				487E69B127DE562900E2E97F /* CellPicture.swift in Sources */,
				48532AA627DD226B002F4360 /* AppDelegate.swift in Sources */,
				48532AA827DD226B002F4360 /* SceneDelegate.swift in Sources */,
				4824233927DD60B800CF4B26 /* DataController.swift in Sources */,
				487E69B327DE793A00E2E97F /* PhotoModel.swift in Sources */,
				48E0EA0B27DD35C100E5364E /* FlickrClient.swift in Sources */,
				48E0EA0D27DD35D100E5364E /* FlickrResponse.swift in Sources */,
			);
			runOnlyForDeploymentPostprocessing = 0;
		};
/* End PBXSourcesBuildPhase section */

/* Begin PBXVariantGroup section */
		48532AAB27DD226B002F4360 /* Main.storyboard */ = {
			isa = PBXVariantGroup;
			children = (
				48532AAC27DD226B002F4360 /* Base */,
			);
			name = Main.storyboard;
			sourceTree = "<group>";
		};
		48532AB327DD226C002F4360 /* LaunchScreen.storyboard */ = {
			isa = PBXVariantGroup;
			children = (
				48532AB427DD226C002F4360 /* Base */,
			);
			name = LaunchScreen.storyboard;
			sourceTree = "<group>";
		};
/* End PBXVariantGroup section */

/* Begin XCBuildConfiguration section */
		48532AB727DD226C002F4360 /* Debug */ = {
			isa = XCBuildConfiguration;
			buildSettings = {
				ALWAYS_SEARCH_USER_PATHS = NO;
				CLANG_ANALYZER_NONNULL = YES;
				CLANG_ANALYZER_NUMBER_OBJECT_CONVERSION = YES_AGGRESSIVE;
				CLANG_CXX_LANGUAGE_STANDARD = "gnu++17";
				CLANG_CXX_LIBRARY = "libc++";
				CLANG_ENABLE_MODULES = YES;
				CLANG_ENABLE_OBJC_ARC = YES;
				CLANG_ENABLE_OBJC_WEAK = YES;
				CLANG_WARN_BLOCK_CAPTURE_AUTORELEASING = YES;
				CLANG_WARN_BOOL_CONVERSION = YES;
				CLANG_WARN_COMMA = YES;
				CLANG_WARN_CONSTANT_CONVERSION = YES;
				CLANG_WARN_DEPRECATED_OBJC_IMPLEMENTATIONS = YES;
				CLANG_WARN_DIRECT_OBJC_ISA_USAGE = YES_ERROR;
				CLANG_WARN_DOCUMENTATION_COMMENTS = YES;
				CLANG_WARN_EMPTY_BODY = YES;
				CLANG_WARN_ENUM_CONVERSION = YES;
				CLANG_WARN_INFINITE_RECURSION = YES;
				CLANG_WARN_INT_CONVERSION = YES;
				CLANG_WARN_NON_LITERAL_NULL_CONVERSION = YES;
				CLANG_WARN_OBJC_IMPLICIT_RETAIN_SELF = YES;
				CLANG_WARN_OBJC_LITERAL_CONVERSION = YES;
				CLANG_WARN_OBJC_ROOT_CLASS = YES_ERROR;
				CLANG_WARN_QUOTED_INCLUDE_IN_FRAMEWORK_HEADER = YES;
				CLANG_WARN_RANGE_LOOP_ANALYSIS = YES;
				CLANG_WARN_STRICT_PROTOTYPES = YES;
				CLANG_WARN_SUSPICIOUS_MOVE = YES;
				CLANG_WARN_UNGUARDED_AVAILABILITY = YES_AGGRESSIVE;
				CLANG_WARN_UNREACHABLE_CODE = YES;
				CLANG_WARN__DUPLICATE_METHOD_MATCH = YES;
				COPY_PHASE_STRIP = NO;
				DEBUG_INFORMATION_FORMAT = dwarf;
				ENABLE_STRICT_OBJC_MSGSEND = YES;
				ENABLE_TESTABILITY = YES;
				GCC_C_LANGUAGE_STANDARD = gnu11;
				GCC_DYNAMIC_NO_PIC = NO;
				GCC_NO_COMMON_BLOCKS = YES;
				GCC_OPTIMIZATION_LEVEL = 0;
				GCC_PREPROCESSOR_DEFINITIONS = (
					"DEBUG=1",
					"$(inherited)",
				);
				GCC_WARN_64_TO_32_BIT_CONVERSION = YES;
				GCC_WARN_ABOUT_RETURN_TYPE = YES_ERROR;
				GCC_WARN_UNDECLARED_SELECTOR = YES;
				GCC_WARN_UNINITIALIZED_AUTOS = YES_AGGRESSIVE;
				GCC_WARN_UNUSED_FUNCTION = YES;
				GCC_WARN_UNUSED_VARIABLE = YES;
				IPHONEOS_DEPLOYMENT_TARGET = 15.2;
				MTL_ENABLE_DEBUG_INFO = INCLUDE_SOURCE;
				MTL_FAST_MATH = YES;
				ONLY_ACTIVE_ARCH = YES;
				SDKROOT = iphoneos;
				SWIFT_ACTIVE_COMPILATION_CONDITIONS = DEBUG;
				SWIFT_OPTIMIZATION_LEVEL = "-Onone";
			};
			name = Debug;
		};
		48532AB827DD226C002F4360 /* Release */ = {
			isa = XCBuildConfiguration;
			buildSettings = {
				ALWAYS_SEARCH_USER_PATHS = NO;
				CLANG_ANALYZER_NONNULL = YES;
				CLANG_ANALYZER_NUMBER_OBJECT_CONVERSION = YES_AGGRESSIVE;
				CLANG_CXX_LANGUAGE_STANDARD = "gnu++17";
				CLANG_CXX_LIBRARY = "libc++";
				CLANG_ENABLE_MODULES = YES;
				CLANG_ENABLE_OBJC_ARC = YES;
				CLANG_ENABLE_OBJC_WEAK = YES;
				CLANG_WARN_BLOCK_CAPTURE_AUTORELEASING = YES;
				CLANG_WARN_BOOL_CONVERSION = YES;
				CLANG_WARN_COMMA = YES;
				CLANG_WARN_CONSTANT_CONVERSION = YES;
				CLANG_WARN_DEPRECATED_OBJC_IMPLEMENTATIONS = YES;
				CLANG_WARN_DIRECT_OBJC_ISA_USAGE = YES_ERROR;
				CLANG_WARN_DOCUMENTATION_COMMENTS = YES;
				CLANG_WARN_EMPTY_BODY = YES;
				CLANG_WARN_ENUM_CONVERSION = YES;
				CLANG_WARN_INFINITE_RECURSION = YES;
				CLANG_WARN_INT_CONVERSION = YES;
				CLANG_WARN_NON_LITERAL_NULL_CONVERSION = YES;
				CLANG_WARN_OBJC_IMPLICIT_RETAIN_SELF = YES;
				CLANG_WARN_OBJC_LITERAL_CONVERSION = YES;
				CLANG_WARN_OBJC_ROOT_CLASS = YES_ERROR;
				CLANG_WARN_QUOTED_INCLUDE_IN_FRAMEWORK_HEADER = YES;
				CLANG_WARN_RANGE_LOOP_ANALYSIS = YES;
				CLANG_WARN_STRICT_PROTOTYPES = YES;
				CLANG_WARN_SUSPICIOUS_MOVE = YES;
				CLANG_WARN_UNGUARDED_AVAILABILITY = YES_AGGRESSIVE;
				CLANG_WARN_UNREACHABLE_CODE = YES;
				CLANG_WARN__DUPLICATE_METHOD_MATCH = YES;
				COPY_PHASE_STRIP = NO;
				DEBUG_INFORMATION_FORMAT = "dwarf-with-dsym";
				ENABLE_NS_ASSERTIONS = NO;
				ENABLE_STRICT_OBJC_MSGSEND = YES;
				GCC_C_LANGUAGE_STANDARD = gnu11;
				GCC_NO_COMMON_BLOCKS = YES;
				GCC_WARN_64_TO_32_BIT_CONVERSION = YES;
				GCC_WARN_ABOUT_RETURN_TYPE = YES_ERROR;
				GCC_WARN_UNDECLARED_SELECTOR = YES;
				GCC_WARN_UNINITIALIZED_AUTOS = YES_AGGRESSIVE;
				GCC_WARN_UNUSED_FUNCTION = YES;
				GCC_WARN_UNUSED_VARIABLE = YES;
				IPHONEOS_DEPLOYMENT_TARGET = 15.2;
				MTL_ENABLE_DEBUG_INFO = NO;
				MTL_FAST_MATH = YES;
				SDKROOT = iphoneos;
				SWIFT_COMPILATION_MODE = wholemodule;
				SWIFT_OPTIMIZATION_LEVEL = "-O";
				VALIDATE_PRODUCT = YES;
			};
			name = Release;
		};
		48532ABA27DD226C002F4360 /* Debug */ = {
			isa = XCBuildConfiguration;
			buildSettings = {
				ASSETCATALOG_COMPILER_APPICON_NAME = AppIcon;
				ASSETCATALOG_COMPILER_GLOBAL_ACCENT_COLOR_NAME = AccentColor;
				CODE_SIGN_STYLE = Automatic;
				CURRENT_PROJECT_VERSION = 1;
				DEVELOPMENT_TEAM = XP6SS4MYGN;
				GENERATE_INFOPLIST_FILE = YES;
				INFOPLIST_FILE = VirtualTourist/Info.plist;
				INFOPLIST_KEY_UIApplicationSupportsIndirectInputEvents = YES;
				INFOPLIST_KEY_UILaunchStoryboardName = LaunchScreen;
				INFOPLIST_KEY_UIMainStoryboardFile = Main;
				INFOPLIST_KEY_UISupportedInterfaceOrientations_iPad = "UIInterfaceOrientationPortrait UIInterfaceOrientationPortraitUpsideDown UIInterfaceOrientationLandscapeLeft UIInterfaceOrientationLandscapeRight";
				INFOPLIST_KEY_UISupportedInterfaceOrientations_iPhone = "UIInterfaceOrientationPortrait UIInterfaceOrientationLandscapeLeft UIInterfaceOrientationLandscapeRight";
				LD_RUNPATH_SEARCH_PATHS = (
					"$(inherited)",
					"@executable_path/Frameworks",
				);
				MARKETING_VERSION = 1.0;
				PRODUCT_BUNDLE_IDENTIFIER = skyme32.VirtualTourist;
				PRODUCT_NAME = "$(TARGET_NAME)";
				SWIFT_EMIT_LOC_STRINGS = YES;
				SWIFT_VERSION = 5.0;
				TARGETED_DEVICE_FAMILY = "1,2";
			};
			name = Debug;
		};
		48532ABB27DD226C002F4360 /* Release */ = {
			isa = XCBuildConfiguration;
			buildSettings = {
				ASSETCATALOG_COMPILER_APPICON_NAME = AppIcon;
				ASSETCATALOG_COMPILER_GLOBAL_ACCENT_COLOR_NAME = AccentColor;
				CODE_SIGN_STYLE = Automatic;
				CURRENT_PROJECT_VERSION = 1;
				DEVELOPMENT_TEAM = XP6SS4MYGN;
				GENERATE_INFOPLIST_FILE = YES;
				INFOPLIST_FILE = VirtualTourist/Info.plist;
				INFOPLIST_KEY_UIApplicationSupportsIndirectInputEvents = YES;
				INFOPLIST_KEY_UILaunchStoryboardName = LaunchScreen;
				INFOPLIST_KEY_UIMainStoryboardFile = Main;
				INFOPLIST_KEY_UISupportedInterfaceOrientations_iPad = "UIInterfaceOrientationPortrait UIInterfaceOrientationPortraitUpsideDown UIInterfaceOrientationLandscapeLeft UIInterfaceOrientationLandscapeRight";
				INFOPLIST_KEY_UISupportedInterfaceOrientations_iPhone = "UIInterfaceOrientationPortrait UIInterfaceOrientationLandscapeLeft UIInterfaceOrientationLandscapeRight";
				LD_RUNPATH_SEARCH_PATHS = (
					"$(inherited)",
					"@executable_path/Frameworks",
				);
				MARKETING_VERSION = 1.0;
				PRODUCT_BUNDLE_IDENTIFIER = skyme32.VirtualTourist;
				PRODUCT_NAME = "$(TARGET_NAME)";
				SWIFT_EMIT_LOC_STRINGS = YES;
				SWIFT_VERSION = 5.0;
				TARGETED_DEVICE_FAMILY = "1,2";
			};
			name = Release;
		};
/* End XCBuildConfiguration section */

/* Begin XCConfigurationList section */
		48532A9D27DD226A002F4360 /* Build configuration list for PBXProject "VirtualTourist" */ = {
			isa = XCConfigurationList;
			buildConfigurations = (
				48532AB727DD226C002F4360 /* Debug */,
				48532AB827DD226C002F4360 /* Release */,
			);
			defaultConfigurationIsVisible = 0;
			defaultConfigurationName = Release;
		};
		48532AB927DD226C002F4360 /* Build configuration list for PBXNativeTarget "VirtualTourist" */ = {
			isa = XCConfigurationList;
			buildConfigurations = (
				48532ABA27DD226C002F4360 /* Debug */,
				48532ABB27DD226C002F4360 /* Release */,
			);
			defaultConfigurationIsVisible = 0;
			defaultConfigurationName = Release;
		};
/* End XCConfigurationList section */

/* Begin XCVersionGroup section */
		48532AAE27DD226B002F4360 /* VirtualTourist.xcdatamodeld */ = {
			isa = XCVersionGroup;
			children = (
				48532AAF27DD226B002F4360 /* VirtualTourist.xcdatamodel */,
			);
			currentVersion = 48532AAF27DD226B002F4360 /* VirtualTourist.xcdatamodel */;
			path = VirtualTourist.xcdatamodeld;
			sourceTree = "<group>";
			versionGroupType = wrapper.xcdatamodel;
		};
/* End XCVersionGroup section */
	};
	rootObject = 48532A9A27DD226A002F4360 /* Project object */;
}
